// !$*UTF8*$!
{
	archiveVersion = 1;
	classes = {
	};
	objectVersion = 50;
	objects = {

/* Begin PBXBuildFile section */
		8F68FB7F2337104E00F9490F /* SearchTableViewCell.swift in Sources */ = {isa = PBXBuildFile; fileRef = 8F68FB7E2337104E00F9490F /* SearchTableViewCell.swift */; };
		8F8996A32336CE4700089C03 /* SearchTableViewController.swift in Sources */ = {isa = PBXBuildFile; fileRef = 8F8996A22336CE4700089C03 /* SearchTableViewController.swift */; };
		8F8996A52336D18500089C03 /* ZipCodes.swift in Sources */ = {isa = PBXBuildFile; fileRef = 8F8996A42336D18500089C03 /* ZipCodes.swift */; };
		8F8996A72336E50600089C03 /* ResultsTableViewCell.swift in Sources */ = {isa = PBXBuildFile; fileRef = 8F8996A62336E50600089C03 /* ResultsTableViewCell.swift */; };
		8F8996A92336F01C00089C03 /* ResultsViewController.swift in Sources */ = {isa = PBXBuildFile; fileRef = 8F8996A82336F01C00089C03 /* ResultsViewController.swift */; };
		8F9396AE2336C43400EF44D6 /* AppDelegate.swift in Sources */ = {isa = PBXBuildFile; fileRef = 8F9396AD2336C43400EF44D6 /* AppDelegate.swift */; };
		8F9396B32336C43400EF44D6 /* Main.storyboard in Resources */ = {isa = PBXBuildFile; fileRef = 8F9396B12336C43400EF44D6 /* Main.storyboard */; };
		8F9396B52336C43600EF44D6 /* Assets.xcassets in Resources */ = {isa = PBXBuildFile; fileRef = 8F9396B42336C43600EF44D6 /* Assets.xcassets */; };
		8F9396B82336C43600EF44D6 /* LaunchScreen.storyboard in Resources */ = {isa = PBXBuildFile; fileRef = 8F9396B62336C43600EF44D6 /* LaunchScreen.storyboard */; };
		8F9396C02336C54C00EF44D6 /* zips.json in Resources */ = {isa = PBXBuildFile; fileRef = 8F9396BF2336C54C00EF44D6 /* zips.json */; };
/* End PBXBuildFile section */

/* Begin PBXFileReference section */
		8F68FB7E2337104E00F9490F /* SearchTableViewCell.swift */ = {isa = PBXFileReference; lastKnownFileType = sourcecode.swift; path = SearchTableViewCell.swift; sourceTree = "<group>"; };
		8F8996A22336CE4700089C03 /* SearchTableViewController.swift */ = {isa = PBXFileReference; lastKnownFileType = sourcecode.swift; path = SearchTableViewController.swift; sourceTree = "<group>"; };
		8F8996A42336D18500089C03 /* ZipCodes.swift */ = {isa = PBXFileReference; lastKnownFileType = sourcecode.swift; path = ZipCodes.swift; sourceTree = "<group>"; };
		8F8996A62336E50600089C03 /* ResultsTableViewCell.swift */ = {isa = PBXFileReference; lastKnownFileType = sourcecode.swift; path = ResultsTableViewCell.swift; sourceTree = "<group>"; };
		8F8996A82336F01C00089C03 /* ResultsViewController.swift */ = {isa = PBXFileReference; lastKnownFileType = sourcecode.swift; path = ResultsViewController.swift; sourceTree = "<group>"; };
		8F9396AA2336C43400EF44D6 /* HamiltonTevin_CE07.app */ = {isa = PBXFileReference; explicitFileType = wrapper.application; includeInIndex = 0; path = HamiltonTevin_CE07.app; sourceTree = BUILT_PRODUCTS_DIR; };
		8F9396AD2336C43400EF44D6 /* AppDelegate.swift */ = {isa = PBXFileReference; lastKnownFileType = sourcecode.swift; path = AppDelegate.swift; sourceTree = "<group>"; };
		8F9396B22336C43400EF44D6 /* Base */ = {isa = PBXFileReference; lastKnownFileType = file.storyboard; name = Base; path = Base.lproj/Main.storyboard; sourceTree = "<group>"; };
		8F9396B42336C43600EF44D6 /* Assets.xcassets */ = {isa = PBXFileReference; lastKnownFileType = folder.assetcatalog; path = Assets.xcassets; sourceTree = "<group>"; };
		8F9396B72336C43600EF44D6 /* Base */ = {isa = PBXFileReference; lastKnownFileType = file.storyboard; name = Base; path = Base.lproj/LaunchScreen.storyboard; sourceTree = "<group>"; };
		8F9396B92336C43600EF44D6 /* Info.plist */ = {isa = PBXFileReference; lastKnownFileType = text.plist.xml; path = Info.plist; sourceTree = "<group>"; };
		8F9396BF2336C54C00EF44D6 /* zips.json */ = {isa = PBXFileReference; fileEncoding = 4; lastKnownFileType = text.json; path = zips.json; sourceTree = "<group>"; };
/* End PBXFileReference section */

/* Begin PBXFrameworksBuildPhase section */
		8F9396A72336C43400EF44D6 /* Frameworks */ = {
			isa = PBXFrameworksBuildPhase;
			buildActionMask = 2147483647;
			files = (
			);
			runOnlyForDeploymentPostprocessing = 0;
		};
/* End PBXFrameworksBuildPhase section */

/* Begin PBXGroup section */
		8F9396A12336C43400EF44D6 = {
			isa = PBXGroup;
			children = (
				8F9396AC2336C43400EF44D6 /* HamiltonTevin_CE07 */,
				8F9396AB2336C43400EF44D6 /* Products */,
			);
			sourceTree = "<group>";
		};
		8F9396AB2336C43400EF44D6 /* Products */ = {
			isa = PBXGroup;
			children = (
				8F9396AA2336C43400EF44D6 /* HamiltonTevin_CE07.app */,
			);
			name = Products;
			sourceTree = "<group>";
		};
		8F9396AC2336C43400EF44D6 /* HamiltonTevin_CE07 */ = {
			isa = PBXGroup;
			children = (
				8F9396AD2336C43400EF44D6 /* AppDelegate.swift */,
				8F9396B12336C43400EF44D6 /* Main.storyboard */,
				8F9396B42336C43600EF44D6 /* Assets.xcassets */,
				8F9396BF2336C54C00EF44D6 /* zips.json */,
				8F8996A42336D18500089C03 /* ZipCodes.swift */,
				8F9396B62336C43600EF44D6 /* LaunchScreen.storyboard */,
				8F9396B92336C43600EF44D6 /* Info.plist */,
				8F8996A22336CE4700089C03 /* SearchTableViewController.swift */,
				8F8996A62336E50600089C03 /* ResultsTableViewCell.swift */,
				8F8996A82336F01C00089C03 /* ResultsViewController.swift */,
				8F68FB7E2337104E00F9490F /* SearchTableViewCell.swift */,
			);
			path = HamiltonTevin_CE07;
			sourceTree = "<group>";
		};
/* End PBXGroup section */

/* Begin PBXNativeTarget section */
		8F9396A92336C43400EF44D6 /* HamiltonTevin_CE07 */ = {
			isa = PBXNativeTarget;
			buildConfigurationList = 8F9396BC2336C43600EF44D6 /* Build configuration list for PBXNativeTarget "HamiltonTevin_CE07" */;
			buildPhases = (
				8F9396A62336C43400EF44D6 /* Sources */,
				8F9396A72336C43400EF44D6 /* Frameworks */,
				8F9396A82336C43400EF44D6 /* Resources */,
			);
			buildRules = (
			);
			dependencies = (
			);
			name = HamiltonTevin_CE07;
			productName = HamiltonTevin_CE07;
			productReference = 8F9396AA2336C43400EF44D6 /* HamiltonTevin_CE07.app */;
			productType = "com.apple.product-type.application";
		};
/* End PBXNativeTarget section */

/* Begin PBXProject section */
		8F9396A22336C43400EF44D6 /* Project object */ = {
			isa = PBXProject;
			attributes = {
				LastSwiftUpdateCheck = 1030;
				LastUpgradeCheck = 1030;
				ORGANIZATIONNAME = "Tevin Hamilton";
				TargetAttributes = {
					8F9396A92336C43400EF44D6 = {
						CreatedOnToolsVersion = 10.3;
					};
				};
			};
			buildConfigurationList = 8F9396A52336C43400EF44D6 /* Build configuration list for PBXProject "HamiltonTevin_CE07" */;
			compatibilityVersion = "Xcode 9.3";
			developmentRegion = en;
			hasScannedForEncodings = 0;
			knownRegions = (
				en,
				Base,
			);
			mainGroup = 8F9396A12336C43400EF44D6;
			productRefGroup = 8F9396AB2336C43400EF44D6 /* Products */;
			projectDirPath = "";
			projectRoot = "";
			targets = (
				8F9396A92336C43400EF44D6 /* HamiltonTevin_CE07 */,
			);
		};
/* End PBXProject section */

/* Begin PBXResourcesBuildPhase section */
		8F9396A82336C43400EF44D6 /* Resources */ = {
			isa = PBXResourcesBuildPhase;
			buildActionMask = 2147483647;
			files = (
				8F9396B82336C43600EF44D6 /* LaunchScreen.storyboard in Resources */,
				8F9396B52336C43600EF44D6 /* Assets.xcassets in Resources */,
				8F9396B32336C43400EF44D6 /* Main.storyboard in Resources */,
				8F9396C02336C54C00EF44D6 /* zips.json in Resources */,
			);
			runOnlyForDeploymentPostprocessing = 0;
		};
/* End PBXResourcesBuildPhase section */

/* Begin PBXSourcesBuildPhase section */
		8F9396A62336C43400EF44D6 /* Sources */ = {
			isa = PBXSourcesBuildPhase;
			buildActionMask = 2147483647;
			files = (
				8F8996A32336CE4700089C03 /* SearchTableViewController.swift in Sources */,
				8F8996A52336D18500089C03 /* ZipCodes.swift in Sources */,
				8F9396AE2336C43400EF44D6 /* AppDelegate.swift in Sources */,
				8F68FB7F2337104E00F9490F /* SearchTableViewCell.swift in Sources */,
				8F8996A72336E50600089C03 /* ResultsTableViewCell.swift in Sources */,
				8F8996A92336F01C00089C03 /* ResultsViewController.swift in Sources */,
			);
			runOnlyForDeploymentPostprocessing = 0;
		};
/* End PBXSourcesBuildPhase section */

/* Begin PBXVariantGroup section */
		8F9396B12336C43400EF44D6 /* Main.storyboard */ = {
			isa = PBXVariantGroup;
			children = (
				8F9396B22336C43400EF44D6 /* Base */,
			);
			name = Main.storyboard;
			sourceTree = "<group>";
		};
		8F9396B62336C43600EF44D6 /* LaunchScreen.storyboard */ = {
			isa = PBXVariantGroup;
			children = (
				8F9396B72336C43600EF44D6 /* Base */,
			);
			name = LaunchScreen.storyboard;
			sourceTree = "<group>";
		};
/* End PBXVariantGroup section */

/* Begin XCBuildConfiguration section */
		8F9396BA2336C43600EF44D6 /* Debug */ = {
			isa = XCBuildConfiguration;
			buildSettings = {
				ALWAYS_SEARCH_USER_PATHS = NO;
				CLANG_ANALYZER_NONNULL = YES;
				CLANG_ANALYZER_NUMBER_OBJECT_CONVERSION = YES_AGGRESSIVE;
				CLANG_CXX_LANGUAGE_STANDARD = "gnu++14";
				CLANG_CXX_LIBRARY = "libc++";
				CLANG_ENABLE_MODULES = YES;
				CLANG_ENABLE_OBJC_ARC = YES;
				CLANG_ENABLE_OBJC_WEAK = YES;
				CLANG_WARN_BLOCK_CAPTURE_AUTORELEASING = YES;
				CLANG_WARN_BOOL_CONVERSION = YES;
				CLANG_WARN_COMMA = YES;
				CLANG_WARN_CONSTANT_CONVERSION = YES;
				CLANG_WARN_DEPRECATED_OBJC_IMPLEMENTATIONS = YES;
				CLANG_WARN_DIRECT_OBJC_ISA_USAGE = YES_ERROR;
				CLANG_WARN_DOCUMENTATION_COMMENTS = YES;
				CLANG_WARN_EMPTY_BODY = YES;
				CLANG_WARN_ENUM_CONVERSION = YES;
				CLANG_WARN_INFINITE_RECURSION = YES;
				CLANG_WARN_INT_CONVERSION = YES;
				CLANG_WARN_NON_LITERAL_NULL_CONVERSION = YES;
				CLANG_WARN_OBJC_IMPLICIT_RETAIN_SELF = YES;
				CLANG_WARN_OBJC_LITERAL_CONVERSION = YES;
				CLANG_WARN_OBJC_ROOT_CLASS = YES_ERROR;
				CLANG_WARN_RANGE_LOOP_ANALYSIS = YES;
				CLANG_WARN_STRICT_PROTOTYPES = YES;
				CLANG_WARN_SUSPICIOUS_MOVE = YES;
				CLANG_WARN_UNGUARDED_AVAILABILITY = YES_AGGRESSIVE;
				CLANG_WARN_UNREACHABLE_CODE = YES;
				CLANG_WARN__DUPLICATE_METHOD_MATCH = YES;
				CODE_SIGN_IDENTITY = "iPhone Developer";
				COPY_PHASE_STRIP = NO;
				DEBUG_INFORMATION_FORMAT = dwarf;
				ENABLE_STRICT_OBJC_MSGSEND = YES;
				ENABLE_TESTABILITY = YES;
				GCC_C_LANGUAGE_STANDARD = gnu11;
				GCC_DYNAMIC_NO_PIC = NO;
				GCC_NO_COMMON_BLOCKS = YES;
				GCC_OPTIMIZATION_LEVEL = 0;
				GCC_PREPROCESSOR_DEFINITIONS = (
					"DEBUG=1",
					"$(inherited)",
				);
				GCC_WARN_64_TO_32_BIT_CONVERSION = YES;
				GCC_WARN_ABOUT_RETURN_TYPE = YES_ERROR;
				GCC_WARN_UNDECLARED_SELECTOR = YES;
				GCC_WARN_UNINITIALIZED_AUTOS = YES_AGGRESSIVE;
				GCC_WARN_UNUSED_FUNCTION = YES;
				GCC_WARN_UNUSED_VARIABLE = YES;
				IPHONEOS_DEPLOYMENT_TARGET = 12.4;
				MTL_ENABLE_DEBUG_INFO = INCLUDE_SOURCE;
				MTL_FAST_MATH = YES;
				ONLY_ACTIVE_ARCH = YES;
				SDKROOT = iphoneos;
				SWIFT_ACTIVE_COMPILATION_CONDITIONS = DEBUG;
				SWIFT_OPTIMIZATION_LEVEL = "-Onone";
			};
			name = Debug;
		};
		8F9396BB2336C43600EF44D6 /* Release */ = {
			isa = XCBuildConfiguration;
			buildSettings = {
				ALWAYS_SEARCH_USER_PATHS = NO;
				CLANG_ANALYZER_NONNULL = YES;
				CLANG_ANALYZER_NUMBER_OBJECT_CONVERSION = YES_AGGRESSIVE;
				CLANG_CXX_LANGUAGE_STANDARD = "gnu++14";
				CLANG_CXX_LIBRARY = "libc++";
				CLANG_ENABLE_MODULES = YES;
				CLANG_ENABLE_OBJC_ARC = YES;
				CLANG_ENABLE_OBJC_WEAK = YES;
				CLANG_WARN_BLOCK_CAPTURE_AUTORELEASING = YES;
				CLANG_WARN_BOOL_CONVERSION = YES;
				CLANG_WARN_COMMA = YES;
				CLANG_WARN_CONSTANT_CONVERSION = YES;
				CLANG_WARN_DEPRECATED_OBJC_IMPLEMENTATIONS = YES;
				CLANG_WARN_DIRECT_OBJC_ISA_USAGE = YES_ERROR;
				CLANG_WARN_DOCUMENTATION_COMMENTS = YES;
				CLANG_WARN_EMPTY_BODY = YES;
				CLANG_WARN_ENUM_CONVERSION = YES;
				CLANG_WARN_INFINITE_RECURSION = YES;
				CLANG_WARN_INT_CONVERSION = YES;
				CLANG_WARN_NON_LITERAL_NULL_CONVERSION = YES;
				CLANG_WARN_OBJC_IMPLICIT_RETAIN_SELF = YES;
				CLANG_WARN_OBJC_LITERAL_CONVERSION = YES;
				CLANG_WARN_OBJC_ROOT_CLASS = YES_ERROR;
				CLANG_WARN_RANGE_LOOP_ANALYSIS = YES;
				CLANG_WARN_STRICT_PROTOTYPES = YES;
				CLANG_WARN_SUSPICIOUS_MOVE = YES;
				CLANG_WARN_UNGUARDED_AVAILABILITY = YES_AGGRESSIVE;
				CLANG_WARN_UNREACHABLE_CODE = YES;
				CLANG_WARN__DUPLICATE_METHOD_MATCH = YES;
				CODE_SIGN_IDENTITY = "iPhone Developer";
				COPY_PHASE_STRIP = NO;
				DEBUG_INFORMATION_FORMAT = "dwarf-with-dsym";
				ENABLE_NS_ASSERTIONS = NO;
				ENABLE_STRICT_OBJC_MSGSEND = YES;
				GCC_C_LANGUAGE_STANDARD = gnu11;
				GCC_NO_COMMON_BLOCKS = YES;
				GCC_WARN_64_TO_32_BIT_CONVERSION = YES;
				GCC_WARN_ABOUT_RETURN_TYPE = YES_ERROR;
				GCC_WARN_UNDECLARED_SELECTOR = YES;
				GCC_WARN_UNINITIALIZED_AUTOS = YES_AGGRESSIVE;
				GCC_WARN_UNUSED_FUNCTION = YES;
				GCC_WARN_UNUSED_VARIABLE = YES;
				IPHONEOS_DEPLOYMENT_TARGET = 12.4;
				MTL_ENABLE_DEBUG_INFO = NO;
				MTL_FAST_MATH = YES;
				SDKROOT = iphoneos;
				SWIFT_COMPILATION_MODE = wholemodule;
				SWIFT_OPTIMIZATION_LEVEL = "-O";
				VALIDATE_PRODUCT = YES;
			};
			name = Release;
		};
		8F9396BD2336C43600EF44D6 /* Debug */ = {
			isa = XCBuildConfiguration;
			buildSettings = {
				ASSETCATALOG_COMPILER_APPICON_NAME = AppIcon;
				CODE_SIGN_STYLE = Automatic;
				INFOPLIST_FILE = HamiltonTevin_CE07/Info.plist;
				LD_RUNPATH_SEARCH_PATHS = (
					"$(inherited)",
					"@executable_path/Frameworks",
				);
				PRODUCT_BUNDLE_IDENTIFIER = "comTevinHamilton.HamiltonTevin-CE07";
				PRODUCT_NAME = "$(TARGET_NAME)";
				SWIFT_VERSION = 5.0;
				TARGETED_DEVICE_FAMILY = "1,2";
			};
			name = Debug;
		};
		8F9396BE2336C43600EF44D6 /* Release */ = {
			isa = XCBuildConfiguration;
			buildSettings = {
				ASSETCATALOG_COMPILER_APPICON_NAME = AppIcon;
				CODE_SIGN_STYLE = Automatic;
				INFOPLIST_FILE = HamiltonTevin_CE07/Info.plist;
				LD_RUNPATH_SEARCH_PATHS = (
					"$(inherited)",
					"@executable_path/Frameworks",
				);
				PRODUCT_BUNDLE_IDENTIFIER = "comTevinHamilton.HamiltonTevin-CE07";
				PRODUCT_NAME = "$(TARGET_NAME)";
				SWIFT_VERSION = 5.0;
				TARGETED_DEVICE_FAMILY = "1,2";
			};
			name = Release;
		};
/* End XCBuildConfiguration section */

/* Begin XCConfigurationList section */
		8F9396A52336C43400EF44D6 /* Build configuration list for PBXProject "HamiltonTevin_CE07" */ = {
			isa = XCConfigurationList;
			buildConfigurations = (
				8F9396BA2336C43600EF44D6 /* Debug */,
				8F9396BB2336C43600EF44D6 /* Release */,
			);
			defaultConfigurationIsVisible = 0;
			defaultConfigurationName = Release;
		};
		8F9396BC2336C43600EF44D6 /* Build configuration list for PBXNativeTarget "HamiltonTevin_CE07" */ = {
			isa = XCConfigurationList;
			buildConfigurations = (
				8F9396BD2336C43600EF44D6 /* Debug */,
				8F9396BE2336C43600EF44D6 /* Release */,
			);
			defaultConfigurationIsVisible = 0;
			defaultConfigurationName = Release;
		};
/* End XCConfigurationList section */
	};
	rootObject = 8F9396A22336C43400EF44D6 /* Project object */;
}
